header:
    version: 14
overrides:
    repos:
        oe-core:
            commit: ef022bf82d79015802309d14c28b13373ebe53f5
        meta-lts-mixins:
            commit: 30947f51f44e7251a870e7424c42db353e29c020
        bitbake:
            commit: 0ad6c1c34a5e07a5f8dd66ab248c1e7b37b69fa9
        meta-arm:
            commit: 0979b80429099f1a42dc0026c8c466cee780bc74
        meta-openembedded:
            commit: 14282a02be9c74a1276a7cda7d6c89e054699a11
        meta-virtualization:
            commit: aab9c1a0dd6b48776c9f372a32c32486c560b9c9
        meta-audioreach:
            commit: 3f673ee6f52bfeda69205078a99e89cd501015b4
        meta-selinux:
            commit: 1c3a699f363167571ab39fecb0fe6f56691a4e20
        meta-updater:
            commit: f0e1ccafaa877d2781ed953236981dac57439dc8
        meta-security:
            commit: c0d1d6200e7a84c39fb940cb1f22aad4b0b3d808
        meta-dpdk:
            commit: 6a59b0cd21084e33feb53b4f2d1310e49e1d4a83
        meta-ai:
            commit: 60e38e2015f19058b467febd044f49bf70c4528f
